// !$*UTF8*$!
{
	archiveVersion = 1;
	classes = {
	};
	objectVersion = 55;
	objects = {

/* Begin PBXBuildFile section */
		E1293D4F287FA66B0057BCA5 /* settingPage.storyboard in Resources */ = {isa = PBXBuildFile; fileRef = E1293D4E287FA66B0057BCA5 /* settingPage.storyboard */; };
		E1293D51287FA8070057BCA5 /* searchPage.storyboard in Resources */ = {isa = PBXBuildFile; fileRef = E1293D50287FA8070057BCA5 /* searchPage.storyboard */; };
		E1293D55287FAF7F0057BCA5 /* SideMenu in Frameworks */ = {isa = PBXBuildFile; productRef = E1293D54287FAF7F0057BCA5 /* SideMenu */; };
		E1293D58287FAFE10057BCA5 /* FSCalendar in Frameworks */ = {isa = PBXBuildFile; productRef = E1293D57287FAFE10057BCA5 /* FSCalendar */; };
		E1293D5B287FAFF30057BCA5 /* TextFieldEffects in Frameworks */ = {isa = PBXBuildFile; productRef = E1293D5A287FAFF30057BCA5 /* TextFieldEffects */; };
		E1956773287BA3F10084C1E9 /* AppDelegate.swift in Sources */ = {isa = PBXBuildFile; fileRef = E1956772287BA3F10084C1E9 /* AppDelegate.swift */; };
		E1956775287BA3F10084C1E9 /* SceneDelegate.swift in Sources */ = {isa = PBXBuildFile; fileRef = E1956774287BA3F10084C1E9 /* SceneDelegate.swift */; };
		E1956777287BA3F10084C1E9 /* ViewController.swift in Sources */ = {isa = PBXBuildFile; fileRef = E1956776287BA3F10084C1E9 /* ViewController.swift */; };
		E195677A287BA3F10084C1E9 /* Main.storyboard in Resources */ = {isa = PBXBuildFile; fileRef = E1956778287BA3F10084C1E9 /* Main.storyboard */; };
		E195677C287BA3F20084C1E9 /* Assets.xcassets in Resources */ = {isa = PBXBuildFile; fileRef = E195677B287BA3F20084C1E9 /* Assets.xcassets */; };
		E195677F287BA3F20084C1E9 /* LaunchScreen.storyboard in Resources */ = {isa = PBXBuildFile; fileRef = E195677D287BA3F20084C1E9 /* LaunchScreen.storyboard */; };
		E1956789287BA5A50084C1E9 /* SampleViewController.swift in Sources */ = {isa = PBXBuildFile; fileRef = E1956788287BA5A50084C1E9 /* SampleViewController.swift */; };
/* End PBXBuildFile section */

/* Begin PBXFileReference section */
		E1293D4E287FA66B0057BCA5 /* settingPage.storyboard */ = {isa = PBXFileReference; lastKnownFileType = file.storyboard; path = settingPage.storyboard; sourceTree = "<group>"; };
		E1293D50287FA8070057BCA5 /* searchPage.storyboard */ = {isa = PBXFileReference; lastKnownFileType = file.storyboard; path = searchPage.storyboard; sourceTree = "<group>"; };
		E195676F287BA3F10084C1E9 /* Week2.app */ = {isa = PBXFileReference; explicitFileType = wrapper.application; includeInIndex = 0; path = Week2.app; sourceTree = BUILT_PRODUCTS_DIR; };
		E1956772287BA3F10084C1E9 /* AppDelegate.swift */ = {isa = PBXFileReference; lastKnownFileType = sourcecode.swift; path = AppDelegate.swift; sourceTree = "<group>"; };
		E1956774287BA3F10084C1E9 /* SceneDelegate.swift */ = {isa = PBXFileReference; lastKnownFileType = sourcecode.swift; path = SceneDelegate.swift; sourceTree = "<group>"; };
		E1956776287BA3F10084C1E9 /* ViewController.swift */ = {isa = PBXFileReference; lastKnownFileType = sourcecode.swift; path = ViewController.swift; sourceTree = "<group>"; };
		E1956779287BA3F10084C1E9 /* Base */ = {isa = PBXFileReference; lastKnownFileType = file.storyboard; name = Base; path = Base.lproj/Main.storyboard; sourceTree = "<group>"; };
		E195677B287BA3F20084C1E9 /* Assets.xcassets */ = {isa = PBXFileReference; lastKnownFileType = folder.assetcatalog; path = Assets.xcassets; sourceTree = "<group>"; };
		E195677E287BA3F20084C1E9 /* Base */ = {isa = PBXFileReference; lastKnownFileType = file.storyboard; name = Base; path = Base.lproj/LaunchScreen.storyboard; sourceTree = "<group>"; };
		E1956780287BA3F20084C1E9 /* Info.plist */ = {isa = PBXFileReference; lastKnownFileType = text.plist.xml; path = Info.plist; sourceTree = "<group>"; };
		E1956788287BA5A50084C1E9 /* SampleViewController.swift */ = {isa = PBXFileReference; lastKnownFileType = sourcecode.swift; path = SampleViewController.swift; sourceTree = SOURCE_ROOT; };
/* End PBXFileReference section */

/* Begin PBXFrameworksBuildPhase section */
		E195676C287BA3F10084C1E9 /* Frameworks */ = {
			isa = PBXFrameworksBuildPhase;
			buildActionMask = 2147483647;
			files = (
				E1293D5B287FAFF30057BCA5 /* TextFieldEffects in Frameworks */,
				E1293D55287FAF7F0057BCA5 /* SideMenu in Frameworks */,
				E1293D58287FAFE10057BCA5 /* FSCalendar in Frameworks */,
			);
			runOnlyForDeploymentPostprocessing = 0;
		};
/* End PBXFrameworksBuildPhase section */

/* Begin PBXGroup section */
		E1293D52287FA8330057BCA5 /* New Group1 */ = {
			isa = PBXGroup;
			children = (
				E1293D4E287FA66B0057BCA5 /* settingPage.storyboard */,
				E1293D50287FA8070057BCA5 /* searchPage.storyboard */,
			);
			path = "New Group1";
			sourceTree = "<group>";
		};
		E1956766287BA3F10084C1E9 = {
			isa = PBXGroup;
			children = (
				E1956771287BA3F10084C1E9 /* Week2 */,
				E1956770287BA3F10084C1E9 /* Products */,
			);
			sourceTree = "<group>";
		};
		E1956770287BA3F10084C1E9 /* Products */ = {
			isa = PBXGroup;
			children = (
				E195676F287BA3F10084C1E9 /* Week2.app */,
			);
			name = Products;
			sourceTree = "<group>";
		};
		E1956771287BA3F10084C1E9 /* Week2 */ = {
			isa = PBXGroup;
			children = (
				E1956780287BA3F20084C1E9 /* Info.plist */,
				E1293D52287FA8330057BCA5 /* New Group1 */,
				E1956772287BA3F10084C1E9 /* AppDelegate.swift */,
				E1956774287BA3F10084C1E9 /* SceneDelegate.swift */,
				E1956776287BA3F10084C1E9 /* ViewController.swift */,
				E195677B287BA3F20084C1E9 /* Assets.xcassets */,
				E195677D287BA3F20084C1E9 /* LaunchScreen.storyboard */,
				E1956778287BA3F10084C1E9 /* Main.storyboard */,
				E1956786287BA57B0084C1E9 /* New Group */,
			);
			path = Week2;
			sourceTree = "<group>";
		};
		E1956786287BA57B0084C1E9 /* New Group */ = {
			isa = PBXGroup;
			children = (
				E1956788287BA5A50084C1E9 /* SampleViewController.swift */,
			);
			path = "New Group";
			sourceTree = "<group>";
		};
/* End PBXGroup section */

/* Begin PBXNativeTarget section */
		E195676E287BA3F10084C1E9 /* Week2 */ = {
			isa = PBXNativeTarget;
			buildConfigurationList = E1956783287BA3F20084C1E9 /* Build configuration list for PBXNativeTarget "Week2" */;
			buildPhases = (
				E195676B287BA3F10084C1E9 /* Sources */,
				E195676C287BA3F10084C1E9 /* Frameworks */,
				E195676D287BA3F10084C1E9 /* Resources */,
			);
			buildRules = (
			);
			dependencies = (
			);
			name = Week2;
			packageProductDependencies = (
				E1293D54287FAF7F0057BCA5 /* SideMenu */,
				E1293D57287FAFE10057BCA5 /* FSCalendar */,
				E1293D5A287FAFF30057BCA5 /* TextFieldEffects */,
			);
			productName = Week2;
			productReference = E195676F287BA3F10084C1E9 /* Week2.app */;
			productType = "com.apple.product-type.application";
		};
/* End PBXNativeTarget section */

/* Begin PBXProject section */
		E1956767287BA3F10084C1E9 /* Project object */ = {
			isa = PBXProject;
			attributes = {
				BuildIndependentTargetsInParallel = 1;
				LastSwiftUpdateCheck = 1340;
				LastUpgradeCheck = 1340;
				TargetAttributes = {
					E195676E287BA3F10084C1E9 = {
						CreatedOnToolsVersion = 13.4.1;
					};
				};
			};
			buildConfigurationList = E195676A287BA3F10084C1E9 /* Build configuration list for PBXProject "Week2" */;
			compatibilityVersion = "Xcode 13.0";
			developmentRegion = en;
			hasScannedForEncodings = 0;
			knownRegions = (
				en,
				Base,
			);
			mainGroup = E1956766287BA3F10084C1E9;
			packageReferences = (
				E1293D53287FAF7F0057BCA5 /* XCRemoteSwiftPackageReference "SideMenu" */,
				E1293D56287FAFE10057BCA5 /* XCRemoteSwiftPackageReference "FSCalendar" */,
				E1293D59287FAFF30057BCA5 /* XCRemoteSwiftPackageReference "TextFieldEffects" */,
			);
			productRefGroup = E1956770287BA3F10084C1E9 /* Products */;
			projectDirPath = "";
			projectRoot = "";
			targets = (
				E195676E287BA3F10084C1E9 /* Week2 */,
			);
		};
/* End PBXProject section */

/* Begin PBXResourcesBuildPhase section */
		E195676D287BA3F10084C1E9 /* Resources */ = {
			isa = PBXResourcesBuildPhase;
			buildActionMask = 2147483647;
			files = (
				E1293D4F287FA66B0057BCA5 /* settingPage.storyboard in Resources */,
				E195677F287BA3F20084C1E9 /* LaunchScreen.storyboard in Resources */,
				E1293D51287FA8070057BCA5 /* searchPage.storyboard in Resources */,
				E195677C287BA3F20084C1E9 /* Assets.xcassets in Resources */,
				E195677A287BA3F10084C1E9 /* Main.storyboard in Resources */,
			);
			runOnlyForDeploymentPostprocessing = 0;
		};
/* End PBXResourcesBuildPhase section */

/* Begin PBXSourcesBuildPhase section */
		E195676B287BA3F10084C1E9 /* Sources */ = {
			isa = PBXSourcesBuildPhase;
			buildActionMask = 2147483647;
			files = (
				E1956777287BA3F10084C1E9 /* ViewController.swift in Sources */,
				E1956773287BA3F10084C1E9 /* AppDelegate.swift in Sources */,
				E1956789287BA5A50084C1E9 /* SampleViewController.swift in Sources */,
				E1956775287BA3F10084C1E9 /* SceneDelegate.swift in Sources */,
			);
			runOnlyForDeploymentPostprocessing = 0;
		};
/* End PBXSourcesBuildPhase section */

/* Begin PBXVariantGroup section */
		E1956778287BA3F10084C1E9 /* Main.storyboard */ = {
			isa = PBXVariantGroup;
			children = (
				E1956779287BA3F10084C1E9 /* Base */,
			);
			name = Main.storyboard;
			sourceTree = "<group>";
		};
		E195677D287BA3F20084C1E9 /* LaunchScreen.storyboard */ = {
			isa = PBXVariantGroup;
			children = (
				E195677E287BA3F20084C1E9 /* Base */,
			);
			name = LaunchScreen.storyboard;
			sourceTree = "<group>";
		};
/* End PBXVariantGroup section */

/* Begin XCBuildConfiguration section */
		E1956781287BA3F20084C1E9 /* Debug */ = {
			isa = XCBuildConfiguration;
			buildSettings = {
				ALWAYS_SEARCH_USER_PATHS = NO;
				CLANG_ANALYZER_NONNULL = YES;
				CLANG_ANALYZER_NUMBER_OBJECT_CONVERSION = YES_AGGRESSIVE;
				CLANG_CXX_LANGUAGE_STANDARD = "gnu++17";
				CLANG_ENABLE_MODULES = YES;
				CLANG_ENABLE_OBJC_ARC = YES;
				CLANG_ENABLE_OBJC_WEAK = YES;
				CLANG_WARN_BLOCK_CAPTURE_AUTORELEASING = YES;
				CLANG_WARN_BOOL_CONVERSION = YES;
				CLANG_WARN_COMMA = YES;
				CLANG_WARN_CONSTANT_CONVERSION = YES;
				CLANG_WARN_DEPRECATED_OBJC_IMPLEMENTATIONS = YES;
				CLANG_WARN_DIRECT_OBJC_ISA_USAGE = YES_ERROR;
				CLANG_WARN_DOCUMENTATION_COMMENTS = YES;
				CLANG_WARN_EMPTY_BODY = YES;
				CLANG_WARN_ENUM_CONVERSION = YES;
				CLANG_WARN_INFINITE_RECURSION = YES;
				CLANG_WARN_INT_CONVERSION = YES;
				CLANG_WARN_NON_LITERAL_NULL_CONVERSION = YES;
				CLANG_WARN_OBJC_IMPLICIT_RETAIN_SELF = YES;
				CLANG_WARN_OBJC_LITERAL_CONVERSION = YES;
				CLANG_WARN_OBJC_ROOT_CLASS = YES_ERROR;
				CLANG_WARN_QUOTED_INCLUDE_IN_FRAMEWORK_HEADER = YES;
				CLANG_WARN_RANGE_LOOP_ANALYSIS = YES;
				CLANG_WARN_STRICT_PROTOTYPES = YES;
				CLANG_WARN_SUSPICIOUS_MOVE = YES;
				CLANG_WARN_UNGUARDED_AVAILABILITY = YES_AGGRESSIVE;
				CLANG_WARN_UNREACHABLE_CODE = YES;
				CLANG_WARN__DUPLICATE_METHOD_MATCH = YES;
				COPY_PHASE_STRIP = NO;
				DEBUG_INFORMATION_FORMAT = dwarf;
				ENABLE_STRICT_OBJC_MSGSEND = YES;
				ENABLE_TESTABILITY = YES;
				GCC_C_LANGUAGE_STANDARD = gnu11;
				GCC_DYNAMIC_NO_PIC = NO;
				GCC_NO_COMMON_BLOCKS = YES;
				GCC_OPTIMIZATION_LEVEL = 0;
				GCC_PREPROCESSOR_DEFINITIONS = (
					"DEBUG=1",
					"$(inherited)",
				);
				GCC_WARN_64_TO_32_BIT_CONVERSION = YES;
				GCC_WARN_ABOUT_RETURN_TYPE = YES_ERROR;
				GCC_WARN_UNDECLARED_SELECTOR = YES;
				GCC_WARN_UNINITIALIZED_AUTOS = YES_AGGRESSIVE;
				GCC_WARN_UNUSED_FUNCTION = YES;
				GCC_WARN_UNUSED_VARIABLE = YES;
				IPHONEOS_DEPLOYMENT_TARGET = 15.5;
				MTL_ENABLE_DEBUG_INFO = INCLUDE_SOURCE;
				MTL_FAST_MATH = YES;
				ONLY_ACTIVE_ARCH = YES;
				SDKROOT = iphoneos;
				SWIFT_ACTIVE_COMPILATION_CONDITIONS = DEBUG;
				SWIFT_OPTIMIZATION_LEVEL = "-Onone";
			};
			name = Debug;
		};
		E1956782287BA3F20084C1E9 /* Release */ = {
			isa = XCBuildConfiguration;
			buildSettings = {
				ALWAYS_SEARCH_USER_PATHS = NO;
				CLANG_ANALYZER_NONNULL = YES;
				CLANG_ANALYZER_NUMBER_OBJECT_CONVERSION = YES_AGGRESSIVE;
				CLANG_CXX_LANGUAGE_STANDARD = "gnu++17";
				CLANG_ENABLE_MODULES = YES;
				CLANG_ENABLE_OBJC_ARC = YES;
				CLANG_ENABLE_OBJC_WEAK = YES;
				CLANG_WARN_BLOCK_CAPTURE_AUTORELEASING = YES;
				CLANG_WARN_BOOL_CONVERSION = YES;
				CLANG_WARN_COMMA = YES;
				CLANG_WARN_CONSTANT_CONVERSION = YES;
				CLANG_WARN_DEPRECATED_OBJC_IMPLEMENTATIONS = YES;
				CLANG_WARN_DIRECT_OBJC_ISA_USAGE = YES_ERROR;
				CLANG_WARN_DOCUMENTATION_COMMENTS = YES;
				CLANG_WARN_EMPTY_BODY = YES;
				CLANG_WARN_ENUM_CONVERSION = YES;
				CLANG_WARN_INFINITE_RECURSION = YES;
				CLANG_WARN_INT_CONVERSION = YES;
				CLANG_WARN_NON_LITERAL_NULL_CONVERSION = YES;
				CLANG_WARN_OBJC_IMPLICIT_RETAIN_SELF = YES;
				CLANG_WARN_OBJC_LITERAL_CONVERSION = YES;
				CLANG_WARN_OBJC_ROOT_CLASS = YES_ERROR;
				CLANG_WARN_QUOTED_INCLUDE_IN_FRAMEWORK_HEADER = YES;
				CLANG_WARN_RANGE_LOOP_ANALYSIS = YES;
				CLANG_WARN_STRICT_PROTOTYPES = YES;
				CLANG_WARN_SUSPICIOUS_MOVE = YES;
				CLANG_WARN_UNGUARDED_AVAILABILITY = YES_AGGRESSIVE;
				CLANG_WARN_UNREACHABLE_CODE = YES;
				CLANG_WARN__DUPLICATE_METHOD_MATCH = YES;
				COPY_PHASE_STRIP = NO;
				DEBUG_INFORMATION_FORMAT = "dwarf-with-dsym";
				ENABLE_NS_ASSERTIONS = NO;
				ENABLE_STRICT_OBJC_MSGSEND = YES;
				GCC_C_LANGUAGE_STANDARD = gnu11;
				GCC_NO_COMMON_BLOCKS = YES;
				GCC_WARN_64_TO_32_BIT_CONVERSION = YES;
				GCC_WARN_ABOUT_RETURN_TYPE = YES_ERROR;
				GCC_WARN_UNDECLARED_SELECTOR = YES;
				GCC_WARN_UNINITIALIZED_AUTOS = YES_AGGRESSIVE;
				GCC_WARN_UNUSED_FUNCTION = YES;
				GCC_WARN_UNUSED_VARIABLE = YES;
				IPHONEOS_DEPLOYMENT_TARGET = 15.5;
				MTL_ENABLE_DEBUG_INFO = NO;
				MTL_FAST_MATH = YES;
				SDKROOT = iphoneos;
				SWIFT_COMPILATION_MODE = wholemodule;
				SWIFT_OPTIMIZATION_LEVEL = "-O";
				VALIDATE_PRODUCT = YES;
			};
			name = Release;
		};
		E1956784287BA3F20084C1E9 /* Debug */ = {
			isa = XCBuildConfiguration;
			buildSettings = {
				ASSETCATALOG_COMPILER_APPICON_NAME = AppIcon;
				ASSETCATALOG_COMPILER_GLOBAL_ACCENT_COLOR_NAME = AccentColor;
				CODE_SIGN_STYLE = Automatic;
				CURRENT_PROJECT_VERSION = 1;
				DEVELOPMENT_TEAM = 5MHUF29PV8;
				GENERATE_INFOPLIST_FILE = YES;
				INFOPLIST_FILE = Week2/Info.plist;
				INFOPLIST_KEY_UIApplicationSupportsIndirectInputEvents = YES;
				INFOPLIST_KEY_UILaunchStoryboardName = LaunchScreen;
				INFOPLIST_KEY_UIMainStoryboardFile = Main;
				INFOPLIST_KEY_UISupportedInterfaceOrientations_iPad = "UIInterfaceOrientationPortrait UIInterfaceOrientationPortraitUpsideDown UIInterfaceOrientationLandscapeLeft UIInterfaceOrientationLandscapeRight";
				INFOPLIST_KEY_UISupportedInterfaceOrientations_iPhone = "UIInterfaceOrientationPortrait UIInterfaceOrientationLandscapeLeft UIInterfaceOrientationLandscapeRight";
				IPHONEOS_DEPLOYMENT_TARGET = 13.0;
				LD_RUNPATH_SEARCH_PATHS = (
					"$(inherited)",
					"@executable_path/Frameworks",
				);
				MARKETING_VERSION = 1.0;
				PRODUCT_BUNDLE_IDENTIFIER = com.sesac.Week2;
				PRODUCT_NAME = "$(TARGET_NAME)";
				SWIFT_EMIT_LOC_STRINGS = YES;
				SWIFT_VERSION = 5.0;
				TARGETED_DEVICE_FAMILY = 1;
			};
			name = Debug;
		};
		E1956785287BA3F20084C1E9 /* Release */ = {
			isa = XCBuildConfiguration;
			buildSettings = {
				ASSETCATALOG_COMPILER_APPICON_NAME = AppIcon;
				ASSETCATALOG_COMPILER_GLOBAL_ACCENT_COLOR_NAME = AccentColor;
				CODE_SIGN_STYLE = Automatic;
				CURRENT_PROJECT_VERSION = 1;
				DEVELOPMENT_TEAM = 5MHUF29PV8;
				GENERATE_INFOPLIST_FILE = YES;
				INFOPLIST_FILE = Week2/Info.plist;
				INFOPLIST_KEY_UIApplicationSupportsIndirectInputEvents = YES;
				INFOPLIST_KEY_UILaunchStoryboardName = LaunchScreen;
				INFOPLIST_KEY_UIMainStoryboardFile = Main;
				INFOPLIST_KEY_UISupportedInterfaceOrientations_iPad = "UIInterfaceOrientationPortrait UIInterfaceOrientationPortraitUpsideDown UIInterfaceOrientationLandscapeLeft UIInterfaceOrientationLandscapeRight";
				INFOPLIST_KEY_UISupportedInterfaceOrientations_iPhone = "UIInterfaceOrientationPortrait UIInterfaceOrientationLandscapeLeft UIInterfaceOrientationLandscapeRight";
				IPHONEOS_DEPLOYMENT_TARGET = 13.0;
				LD_RUNPATH_SEARCH_PATHS = (
					"$(inherited)",
					"@executable_path/Frameworks",
				);
				MARKETING_VERSION = 1.0;
				PRODUCT_BUNDLE_IDENTIFIER = com.sesac.Week2;
				PRODUCT_NAME = "$(TARGET_NAME)";
				SWIFT_EMIT_LOC_STRINGS = YES;
				SWIFT_VERSION = 5.0;
				TARGETED_DEVICE_FAMILY = 1;
			};
			name = Release;
		};
/* End XCBuildConfiguration section */

/* Begin XCConfigurationList section */
		E195676A287BA3F10084C1E9 /* Build configuration list for PBXProject "Week2" */ = {
			isa = XCConfigurationList;
			buildConfigurations = (
				E1956781287BA3F20084C1E9 /* Debug */,
				E1956782287BA3F20084C1E9 /* Release */,
			);
			defaultConfigurationIsVisible = 0;
			defaultConfigurationName = Release;
		};
		E1956783287BA3F20084C1E9 /* Build configuration list for PBXNativeTarget "Week2" */ = {
			isa = XCConfigurationList;
			buildConfigurations = (
				E1956784287BA3F20084C1E9 /* Debug */,
				E1956785287BA3F20084C1E9 /* Release */,
			);
			defaultConfigurationIsVisible = 0;
			defaultConfigurationName = Release;
		};
/* End XCConfigurationList section */

/* Begin XCRemoteSwiftPackageReference section */
		E1293D53287FAF7F0057BCA5 /* XCRemoteSwiftPackageReference "SideMenu" */ = {
			isa = XCRemoteSwiftPackageReference;
			repositoryURL = "https://github.com/jonkykong/SideMenu.git";
			requirement = {
				kind = upToNextMajorVersion;
				minimumVersion = 6.0.0;
			};
		};
		E1293D56287FAFE10057BCA5 /* XCRemoteSwiftPackageReference "FSCalendar" */ = {
			isa = XCRemoteSwiftPackageReference;
			repositoryURL = "https://github.com/WenchaoD/FSCalendar.git";
			requirement = {
				kind = upToNextMajorVersion;
				minimumVersion = 2.0.0;
			};
		};
		E1293D59287FAFF30057BCA5 /* XCRemoteSwiftPackageReference "TextFieldEffects" */ = {
			isa = XCRemoteSwiftPackageReference;
			repositoryURL = "https://github.com/raulriera/TextFieldEffects.git";
			requirement = {
				kind = upToNextMajorVersion;
				minimumVersion = 1.0.0;
			};
		};
/* End XCRemoteSwiftPackageReference section */

/* Begin XCSwiftPackageProductDependency section */
		E1293D54287FAF7F0057BCA5 /* SideMenu */ = {
			isa = XCSwiftPackageProductDependency;
			package = E1293D53287FAF7F0057BCA5 /* XCRemoteSwiftPackageReference "SideMenu" */;
			productName = SideMenu;
		};
		E1293D57287FAFE10057BCA5 /* FSCalendar */ = {
			isa = XCSwiftPackageProductDependency;
			package = E1293D56287FAFE10057BCA5 /* XCRemoteSwiftPackageReference "FSCalendar" */;
			productName = FSCalendar;
		};
		E1293D5A287FAFF30057BCA5 /* TextFieldEffects */ = {
			isa = XCSwiftPackageProductDependency;
			package = E1293D59287FAFF30057BCA5 /* XCRemoteSwiftPackageReference "TextFieldEffects" */;
			productName = TextFieldEffects;
		};
/* End XCSwiftPackageProductDependency section */
	};
	rootObject = E1956767287BA3F10084C1E9 /* Project object */;
}
