// !$*UTF8*$!
{
	archiveVersion = 1;
	classes = {
	};
	objectVersion = 55;
	objects = {

/* Begin PBXBuildFile section */
		E10B082228B35B0B005EB045 /* CodeShoppingViewController.swift in Sources */ = {isa = PBXBuildFile; fileRef = E10B082128B35B0B005EB045 /* CodeShoppingViewController.swift */; };
		E10B082528B35B53005EB045 /* CodeShoppingView.swift in Sources */ = {isa = PBXBuildFile; fileRef = E10B082428B35B53005EB045 /* CodeShoppingView.swift */; };
		E10B082728B35C46005EB045 /* CodeShppingTextField.swift in Sources */ = {isa = PBXBuildFile; fileRef = E10B082628B35C46005EB045 /* CodeShppingTextField.swift */; };
		E10B083128B3622C005EB045 /* CodeShoppingButton.swift in Sources */ = {isa = PBXBuildFile; fileRef = E10B083028B3622C005EB045 /* CodeShoppingButton.swift */; };
		E10B083428B3687A005EB045 /* RealmModel.swift in Sources */ = {isa = PBXBuildFile; fileRef = E10B083328B3687A005EB045 /* RealmModel.swift */; };
		E10B083628B3A3F0005EB045 /* CodeShoppingTableViewCell.swift in Sources */ = {isa = PBXBuildFile; fileRef = E10B083528B3A3F0005EB045 /* CodeShoppingTableViewCell.swift */; };
		E14914C728B49A3E00CAC78A /* identifier.swift in Sources */ = {isa = PBXBuildFile; fileRef = E14914C628B49A3E00CAC78A /* identifier.swift */; };
		E14D5B582886ECBF00B70347 /* Shopping.storyboard in Resources */ = {isa = PBXBuildFile; fileRef = E14D5B572886ECBF00B70347 /* Shopping.storyboard */; };
		E14D5B5A2886F15300B70347 /* ShoppingTableViewController.swift in Sources */ = {isa = PBXBuildFile; fileRef = E14D5B592886F15300B70347 /* ShoppingTableViewController.swift */; };
		E14D5B5C2886FA5E00B70347 /* ShoppingTableViewCell.swift in Sources */ = {isa = PBXBuildFile; fileRef = E14D5B5B2886FA5E00B70347 /* ShoppingTableViewCell.swift */; };
		E1566C832887C3430017D77B /* DesignExtension.swift in Sources */ = {isa = PBXBuildFile; fileRef = E1566C822887C3430017D77B /* DesignExtension.swift */; };
		E15B03102884DDC6003F2C85 /* AppDelegate.swift in Sources */ = {isa = PBXBuildFile; fileRef = E15B030F2884DDC6003F2C85 /* AppDelegate.swift */; };
		E15B03122884DDC6003F2C85 /* SceneDelegate.swift in Sources */ = {isa = PBXBuildFile; fileRef = E15B03112884DDC6003F2C85 /* SceneDelegate.swift */; };
		E15B03142884DDC6003F2C85 /* ViewController.swift in Sources */ = {isa = PBXBuildFile; fileRef = E15B03132884DDC6003F2C85 /* ViewController.swift */; };
		E15B03172884DDC6003F2C85 /* Main.storyboard in Resources */ = {isa = PBXBuildFile; fileRef = E15B03152884DDC6003F2C85 /* Main.storyboard */; };
		E15B03192884DDCA003F2C85 /* Assets.xcassets in Resources */ = {isa = PBXBuildFile; fileRef = E15B03182884DDCA003F2C85 /* Assets.xcassets */; };
		E15B031C2884DDCA003F2C85 /* LaunchScreen.storyboard in Resources */ = {isa = PBXBuildFile; fileRef = E15B031A2884DDCA003F2C85 /* LaunchScreen.storyboard */; };
		E15B03242884F114003F2C85 /* Home.storyboard in Resources */ = {isa = PBXBuildFile; fileRef = E15B03232884F114003F2C85 /* Home.storyboard */; };
		E15B03262884FE35003F2C85 /* HomeTableViewController.swift in Sources */ = {isa = PBXBuildFile; fileRef = E15B03252884FE35003F2C85 /* HomeTableViewController.swift */; };
		E174E40A288783F900B11EC2 /* TrendMedia.storyboard in Resources */ = {isa = PBXBuildFile; fileRef = E174E409288783F900B11EC2 /* TrendMedia.storyboard */; };
		E174E40C2887872800B11EC2 /* TrendMediaTableViewController.swift in Sources */ = {isa = PBXBuildFile; fileRef = E174E40B2887872800B11EC2 /* TrendMediaTableViewController.swift */; };
		E174E40E2887877400B11EC2 /* TrendMediaTableViewCell.swift in Sources */ = {isa = PBXBuildFile; fileRef = E174E40D2887877400B11EC2 /* TrendMediaTableViewCell.swift */; };
		E174E41028878CA900B11EC2 /* StructMovie.swift in Sources */ = {isa = PBXBuildFile; fileRef = E174E40F28878CA900B11EC2 /* StructMovie.swift */; };
		E174E4142887953900B11EC2 /* MovieInfo.swift in Sources */ = {isa = PBXBuildFile; fileRef = E174E4132887953900B11EC2 /* MovieInfo.swift */; };
		E174E41628879AA000B11EC2 /* RecommendCollectionViewController.swift in Sources */ = {isa = PBXBuildFile; fileRef = E174E41528879AA000B11EC2 /* RecommendCollectionViewController.swift */; };
		E174E41828879DEC00B11EC2 /* RecommendCollectionViewCell.swift in Sources */ = {isa = PBXBuildFile; fileRef = E174E41728879DEC00B11EC2 /* RecommendCollectionViewCell.swift */; };
		E184CF7A2888E77600863688 /* TrendTableViewController.swift in Sources */ = {isa = PBXBuildFile; fileRef = E184CF792888E77600863688 /* TrendTableViewController.swift */; };
		E184CF7C2888E78300863688 /* TrendTableViewCell.swift in Sources */ = {isa = PBXBuildFile; fileRef = E184CF7B2888E78300863688 /* TrendTableViewCell.swift */; };
		E1A34B00288640200050FFA5 /* Search.storyboard in Resources */ = {isa = PBXBuildFile; fileRef = E1A34AFF288640200050FFA5 /* Search.storyboard */; };
		E1A34B02288640430050FFA5 /* trend.storyboard in Resources */ = {isa = PBXBuildFile; fileRef = E1A34B01288640430050FFA5 /* trend.storyboard */; };
		E1A34B05288640750050FFA5 /* Intro.storyboard in Resources */ = {isa = PBXBuildFile; fileRef = E1A34B04288640750050FFA5 /* Intro.storyboard */; };
		E1A34B09288644140050FFA5 /* TrendViewController.swift in Sources */ = {isa = PBXBuildFile; fileRef = E1A34B08288644140050FFA5 /* TrendViewController.swift */; };
		E1A34B0B2886441E0050FFA5 /* SearchViewController.swift in Sources */ = {isa = PBXBuildFile; fileRef = E1A34B0A2886441E0050FFA5 /* SearchViewController.swift */; };
		E1A34B0D2886451A0050FFA5 /* UIViewController+Extension.swift in Sources */ = {isa = PBXBuildFile; fileRef = E1A34B0C2886451A0050FFA5 /* UIViewController+Extension.swift */; };
		E1A34B0F2886478C0050FFA5 /* UITextField+Extension.swift in Sources */ = {isa = PBXBuildFile; fileRef = E1A34B0E2886478C0050FFA5 /* UITextField+Extension.swift */; };
		E1A34B1128864B8E0050FFA5 /* BucketlistTableViewController.swift in Sources */ = {isa = PBXBuildFile; fileRef = E1A34B1028864B8E0050FFA5 /* BucketlistTableViewController.swift */; };
		E1A34B1328864D910050FFA5 /* BucketlistTableViewCell.swift in Sources */ = {isa = PBXBuildFile; fileRef = E1A34B1228864D910050FFA5 /* BucketlistTableViewCell.swift */; };
		E1AB86CF28B5FA3000557606 /* CodeShoppingDetailViewController.swift in Sources */ = {isa = PBXBuildFile; fileRef = E1AB86CE28B5FA3000557606 /* CodeShoppingDetailViewController.swift */; };
		E1AB86D128B5FA6A00557606 /* CodeShoppingDetailView.swift in Sources */ = {isa = PBXBuildFile; fileRef = E1AB86D028B5FA6A00557606 /* CodeShoppingDetailView.swift */; };
		E1AB86D728B6012E00557606 /* SwiftyJSON in Frameworks */ = {isa = PBXBuildFile; productRef = E1AB86D628B6012E00557606 /* SwiftyJSON */; };
		E1AB86DA28B6014A00557606 /* SnapKit in Frameworks */ = {isa = PBXBuildFile; productRef = E1AB86D928B6014A00557606 /* SnapKit */; };
		E1AB86DD28B601D300557606 /* Kingfisher in Frameworks */ = {isa = PBXBuildFile; productRef = E1AB86DC28B601D300557606 /* Kingfisher */; };
		E1AB86E028B601E500557606 /* Toast in Frameworks */ = {isa = PBXBuildFile; productRef = E1AB86DF28B601E500557606 /* Toast */; };
		E1AB86E328B6026000557606 /* Realm in Frameworks */ = {isa = PBXBuildFile; productRef = E1AB86E228B6026000557606 /* Realm */; };
		E1AB86E528B6026000557606 /* RealmSwift in Frameworks */ = {isa = PBXBuildFile; productRef = E1AB86E428B6026000557606 /* RealmSwift */; };
		E1B8087E288527F4006651D1 /* Setting.storyboard in Resources */ = {isa = PBXBuildFile; fileRef = E1B8087D288527F4006651D1 /* Setting.storyboard */; };
		E1B808802885393C006651D1 /* SettingTableViewController.swift in Sources */ = {isa = PBXBuildFile; fileRef = E1B8087F2885393C006651D1 /* SettingTableViewController.swift */; };
/* End PBXBuildFile section */

/* Begin PBXFileReference section */
		E10B082128B35B0B005EB045 /* CodeShoppingViewController.swift */ = {isa = PBXFileReference; lastKnownFileType = sourcecode.swift; path = CodeShoppingViewController.swift; sourceTree = "<group>"; };
		E10B082428B35B53005EB045 /* CodeShoppingView.swift */ = {isa = PBXFileReference; lastKnownFileType = sourcecode.swift; path = CodeShoppingView.swift; sourceTree = "<group>"; };
		E10B082628B35C46005EB045 /* CodeShppingTextField.swift */ = {isa = PBXFileReference; lastKnownFileType = sourcecode.swift; path = CodeShppingTextField.swift; sourceTree = "<group>"; };
		E10B083028B3622C005EB045 /* CodeShoppingButton.swift */ = {isa = PBXFileReference; lastKnownFileType = sourcecode.swift; path = CodeShoppingButton.swift; sourceTree = "<group>"; };
		E10B083328B3687A005EB045 /* RealmModel.swift */ = {isa = PBXFileReference; lastKnownFileType = sourcecode.swift; path = RealmModel.swift; sourceTree = "<group>"; };
		E10B083528B3A3F0005EB045 /* CodeShoppingTableViewCell.swift */ = {isa = PBXFileReference; lastKnownFileType = sourcecode.swift; path = CodeShoppingTableViewCell.swift; sourceTree = "<group>"; };
		E14914C628B49A3E00CAC78A /* identifier.swift */ = {isa = PBXFileReference; lastKnownFileType = sourcecode.swift; path = identifier.swift; sourceTree = "<group>"; };
		E14D5B572886ECBF00B70347 /* Shopping.storyboard */ = {isa = PBXFileReference; lastKnownFileType = file.storyboard; path = Shopping.storyboard; sourceTree = "<group>"; };
		E14D5B592886F15300B70347 /* ShoppingTableViewController.swift */ = {isa = PBXFileReference; lastKnownFileType = sourcecode.swift; path = ShoppingTableViewController.swift; sourceTree = "<group>"; };
		E14D5B5B2886FA5E00B70347 /* ShoppingTableViewCell.swift */ = {isa = PBXFileReference; lastKnownFileType = sourcecode.swift; path = ShoppingTableViewCell.swift; sourceTree = "<group>"; };
		E1566C822887C3430017D77B /* DesignExtension.swift */ = {isa = PBXFileReference; lastKnownFileType = sourcecode.swift; path = DesignExtension.swift; sourceTree = "<group>"; };
		E15B030C2884DDC6003F2C85 /* TrendMedia.app */ = {isa = PBXFileReference; explicitFileType = wrapper.application; includeInIndex = 0; path = TrendMedia.app; sourceTree = BUILT_PRODUCTS_DIR; };
		E15B030F2884DDC6003F2C85 /* AppDelegate.swift */ = {isa = PBXFileReference; lastKnownFileType = sourcecode.swift; path = AppDelegate.swift; sourceTree = "<group>"; };
		E15B03112884DDC6003F2C85 /* SceneDelegate.swift */ = {isa = PBXFileReference; lastKnownFileType = sourcecode.swift; path = SceneDelegate.swift; sourceTree = "<group>"; };
		E15B03132884DDC6003F2C85 /* ViewController.swift */ = {isa = PBXFileReference; lastKnownFileType = sourcecode.swift; path = ViewController.swift; sourceTree = "<group>"; };
		E15B03162884DDC6003F2C85 /* Base */ = {isa = PBXFileReference; lastKnownFileType = file.storyboard; name = Base; path = Base.lproj/Main.storyboard; sourceTree = "<group>"; };
		E15B03182884DDCA003F2C85 /* Assets.xcassets */ = {isa = PBXFileReference; lastKnownFileType = folder.assetcatalog; path = Assets.xcassets; sourceTree = "<group>"; };
		E15B031B2884DDCA003F2C85 /* Base */ = {isa = PBXFileReference; lastKnownFileType = file.storyboard; name = Base; path = Base.lproj/LaunchScreen.storyboard; sourceTree = "<group>"; };
		E15B031D2884DDCA003F2C85 /* Info.plist */ = {isa = PBXFileReference; lastKnownFileType = text.plist.xml; path = Info.plist; sourceTree = "<group>"; };
		E15B03232884F114003F2C85 /* Home.storyboard */ = {isa = PBXFileReference; lastKnownFileType = file.storyboard; path = Home.storyboard; sourceTree = "<group>"; };
		E15B03252884FE35003F2C85 /* HomeTableViewController.swift */ = {isa = PBXFileReference; lastKnownFileType = sourcecode.swift; path = HomeTableViewController.swift; sourceTree = "<group>"; };
		E174E409288783F900B11EC2 /* TrendMedia.storyboard */ = {isa = PBXFileReference; lastKnownFileType = file.storyboard; path = TrendMedia.storyboard; sourceTree = "<group>"; };
		E174E40B2887872800B11EC2 /* TrendMediaTableViewController.swift */ = {isa = PBXFileReference; lastKnownFileType = sourcecode.swift; path = TrendMediaTableViewController.swift; sourceTree = "<group>"; };
		E174E40D2887877400B11EC2 /* TrendMediaTableViewCell.swift */ = {isa = PBXFileReference; lastKnownFileType = sourcecode.swift; path = TrendMediaTableViewCell.swift; sourceTree = "<group>"; };
		E174E40F28878CA900B11EC2 /* StructMovie.swift */ = {isa = PBXFileReference; lastKnownFileType = sourcecode.swift; path = StructMovie.swift; sourceTree = "<group>"; };
		E174E4132887953900B11EC2 /* MovieInfo.swift */ = {isa = PBXFileReference; fileEncoding = 4; lastKnownFileType = sourcecode.swift; name = MovieInfo.swift; path = TrendMedia/MovieInfo.swift; sourceTree = SOURCE_ROOT; };
		E174E41528879AA000B11EC2 /* RecommendCollectionViewController.swift */ = {isa = PBXFileReference; lastKnownFileType = sourcecode.swift; path = RecommendCollectionViewController.swift; sourceTree = "<group>"; };
		E174E41728879DEC00B11EC2 /* RecommendCollectionViewCell.swift */ = {isa = PBXFileReference; lastKnownFileType = sourcecode.swift; path = RecommendCollectionViewCell.swift; sourceTree = "<group>"; };
		E184CF792888E77600863688 /* TrendTableViewController.swift */ = {isa = PBXFileReference; lastKnownFileType = sourcecode.swift; path = TrendTableViewController.swift; sourceTree = "<group>"; };
		E184CF7B2888E78300863688 /* TrendTableViewCell.swift */ = {isa = PBXFileReference; lastKnownFileType = sourcecode.swift; path = TrendTableViewCell.swift; sourceTree = "<group>"; };
		E1A34AFF288640200050FFA5 /* Search.storyboard */ = {isa = PBXFileReference; lastKnownFileType = file.storyboard; path = Search.storyboard; sourceTree = "<group>"; };
		E1A34B01288640430050FFA5 /* trend.storyboard */ = {isa = PBXFileReference; lastKnownFileType = file.storyboard; path = trend.storyboard; sourceTree = "<group>"; };
		E1A34B04288640750050FFA5 /* Intro.storyboard */ = {isa = PBXFileReference; lastKnownFileType = file.storyboard; path = Intro.storyboard; sourceTree = "<group>"; };
		E1A34B08288644140050FFA5 /* TrendViewController.swift */ = {isa = PBXFileReference; lastKnownFileType = sourcecode.swift; path = TrendViewController.swift; sourceTree = "<group>"; };
		E1A34B0A2886441E0050FFA5 /* SearchViewController.swift */ = {isa = PBXFileReference; lastKnownFileType = sourcecode.swift; path = SearchViewController.swift; sourceTree = "<group>"; };
		E1A34B0C2886451A0050FFA5 /* UIViewController+Extension.swift */ = {isa = PBXFileReference; lastKnownFileType = sourcecode.swift; path = "UIViewController+Extension.swift"; sourceTree = "<group>"; };
		E1A34B0E2886478C0050FFA5 /* UITextField+Extension.swift */ = {isa = PBXFileReference; lastKnownFileType = sourcecode.swift; path = "UITextField+Extension.swift"; sourceTree = "<group>"; };
		E1A34B1028864B8E0050FFA5 /* BucketlistTableViewController.swift */ = {isa = PBXFileReference; lastKnownFileType = sourcecode.swift; path = BucketlistTableViewController.swift; sourceTree = "<group>"; };
		E1A34B1228864D910050FFA5 /* BucketlistTableViewCell.swift */ = {isa = PBXFileReference; lastKnownFileType = sourcecode.swift; path = BucketlistTableViewCell.swift; sourceTree = "<group>"; };
		E1AB86CE28B5FA3000557606 /* CodeShoppingDetailViewController.swift */ = {isa = PBXFileReference; lastKnownFileType = sourcecode.swift; path = CodeShoppingDetailViewController.swift; sourceTree = "<group>"; };
		E1AB86D028B5FA6A00557606 /* CodeShoppingDetailView.swift */ = {isa = PBXFileReference; lastKnownFileType = sourcecode.swift; path = CodeShoppingDetailView.swift; sourceTree = "<group>"; };
		E1B8087D288527F4006651D1 /* Setting.storyboard */ = {isa = PBXFileReference; lastKnownFileType = file.storyboard; path = Setting.storyboard; sourceTree = "<group>"; };
		E1B8087F2885393C006651D1 /* SettingTableViewController.swift */ = {isa = PBXFileReference; lastKnownFileType = sourcecode.swift; path = SettingTableViewController.swift; sourceTree = "<group>"; };
/* End PBXFileReference section */

/* Begin PBXFrameworksBuildPhase section */
		E15B03092884DDC6003F2C85 /* Frameworks */ = {
			isa = PBXFrameworksBuildPhase;
			buildActionMask = 2147483647;
			files = (
				E1AB86E528B6026000557606 /* RealmSwift in Frameworks */,
				E1AB86E028B601E500557606 /* Toast in Frameworks */,
				E1AB86DD28B601D300557606 /* Kingfisher in Frameworks */,
				E1AB86D728B6012E00557606 /* SwiftyJSON in Frameworks */,
				E1AB86DA28B6014A00557606 /* SnapKit in Frameworks */,
				E1AB86E328B6026000557606 /* Realm in Frameworks */,
			);
			runOnlyForDeploymentPostprocessing = 0;
		};
/* End PBXFrameworksBuildPhase section */

/* Begin PBXGroup section */
		E10B082328B35B11005EB045 /* Codebase */ = {
			isa = PBXGroup;
			children = (
				E1AB86D328B6002800557606 /* ViewController */,
				E10B083528B3A3F0005EB045 /* CodeShoppingTableViewCell.swift */,
				E14914C628B49A3E00CAC78A /* identifier.swift */,
				E10B083328B3687A005EB045 /* RealmModel.swift */,
				E10B083028B3622C005EB045 /* CodeShoppingButton.swift */,
				E10B082628B35C46005EB045 /* CodeShppingTextField.swift */,
			);
			path = Codebase;
			sourceTree = "<group>";
		};
		E14D5B562886E3E000B70347 /* Shopping */ = {
			isa = PBXGroup;
			children = (
				E10B082328B35B11005EB045 /* Codebase */,
				E14D5B5B2886FA5E00B70347 /* ShoppingTableViewCell.swift */,
				E14D5B572886ECBF00B70347 /* Shopping.storyboard */,
				E14D5B592886F15300B70347 /* ShoppingTableViewController.swift */,
				E1566C822887C3430017D77B /* DesignExtension.swift */,
			);
			path = Shopping;
			sourceTree = "<group>";
		};
		E15B03032884DDC6003F2C85 = {
			isa = PBXGroup;
			children = (
				E15B030E2884DDC6003F2C85 /* TrendMedia */,
				E15B030D2884DDC6003F2C85 /* Products */,
			);
			sourceTree = "<group>";
		};
		E15B030D2884DDC6003F2C85 /* Products */ = {
			isa = PBXGroup;
			children = (
				E15B030C2884DDC6003F2C85 /* TrendMedia.app */,
			);
			name = Products;
			sourceTree = "<group>";
		};
		E15B030E2884DDC6003F2C85 /* TrendMedia */ = {
			isa = PBXGroup;
			children = (
				E15B031D2884DDCA003F2C85 /* Info.plist */,
				E1A34B04288640750050FFA5 /* Intro.storyboard */,
				E18C97722886A74300937108 /* setting */,
				E18C976F2886A69B00937108 /* Buckelist */,
				E174E406288783BB00B11EC2 /* TrendMedia */,
				E18C976E2886A69500937108 /* Search */,
				E14D5B562886E3E000B70347 /* Shopping */,
				E18C97702886A71600937108 /* basic */,
				E18C97712886A72E00937108 /* Home */,
			);
			path = TrendMedia;
			sourceTree = "<group>";
		};
		E174E406288783BB00B11EC2 /* TrendMedia */ = {
			isa = PBXGroup;
			children = (
				E174E4132887953900B11EC2 /* MovieInfo.swift */,
				E174E409288783F900B11EC2 /* TrendMedia.storyboard */,
				E174E40D2887877400B11EC2 /* TrendMediaTableViewCell.swift */,
				E174E40B2887872800B11EC2 /* TrendMediaTableViewController.swift */,
				E174E40F28878CA900B11EC2 /* StructMovie.swift */,
			);
			path = TrendMedia;
			sourceTree = "<group>";
		};
		E18C976E2886A69500937108 /* Search */ = {
			isa = PBXGroup;
			children = (
				E1A34AFF288640200050FFA5 /* Search.storyboard */,
				E1A34B0A2886441E0050FFA5 /* SearchViewController.swift */,
			);
			path = Search;
			sourceTree = "<group>";
		};
		E18C976F2886A69B00937108 /* Buckelist */ = {
			isa = PBXGroup;
			children = (
				E1A34B0E2886478C0050FFA5 /* UITextField+Extension.swift */,
				E1A34B0C2886451A0050FFA5 /* UIViewController+Extension.swift */,
				E1A34B1228864D910050FFA5 /* BucketlistTableViewCell.swift */,
				E1A34B1028864B8E0050FFA5 /* BucketlistTableViewController.swift */,
				E1A34B01288640430050FFA5 /* trend.storyboard */,
				E184CF792888E77600863688 /* TrendTableViewController.swift */,
				E184CF7B2888E78300863688 /* TrendTableViewCell.swift */,
				E174E41728879DEC00B11EC2 /* RecommendCollectionViewCell.swift */,
				E174E41528879AA000B11EC2 /* RecommendCollectionViewController.swift */,
				E1A34B08288644140050FFA5 /* TrendViewController.swift */,
			);
			path = Buckelist;
			sourceTree = "<group>";
		};
		E18C97702886A71600937108 /* basic */ = {
			isa = PBXGroup;
			children = (
				E15B03182884DDCA003F2C85 /* Assets.xcassets */,
				E15B031A2884DDCA003F2C85 /* LaunchScreen.storyboard */,
				E15B030F2884DDC6003F2C85 /* AppDelegate.swift */,
				E15B03112884DDC6003F2C85 /* SceneDelegate.swift */,
				E15B03132884DDC6003F2C85 /* ViewController.swift */,
				E15B03152884DDC6003F2C85 /* Main.storyboard */,
			);
			path = basic;
			sourceTree = "<group>";
		};
		E18C97712886A72E00937108 /* Home */ = {
			isa = PBXGroup;
			children = (
				E15B03252884FE35003F2C85 /* HomeTableViewController.swift */,
				E15B03232884F114003F2C85 /* Home.storyboard */,
			);
			path = Home;
			sourceTree = "<group>";
		};
		E18C97722886A74300937108 /* setting */ = {
			isa = PBXGroup;
			children = (
				E1B8087D288527F4006651D1 /* Setting.storyboard */,
				E1B8087F2885393C006651D1 /* SettingTableViewController.swift */,
			);
			path = setting;
			sourceTree = "<group>";
		};
		E1AB86D228B5FA7000557606 /* CodeShoppingDetail */ = {
			isa = PBXGroup;
			children = (
				E1AB86CE28B5FA3000557606 /* CodeShoppingDetailViewController.swift */,
				E1AB86D028B5FA6A00557606 /* CodeShoppingDetailView.swift */,
			);
			path = CodeShoppingDetail;
			sourceTree = "<group>";
		};
		E1AB86D328B6002800557606 /* ViewController */ = {
			isa = PBXGroup;
			children = (
				E1AB86D428B6003900557606 /* CodeShopping */,
				E1AB86D228B5FA7000557606 /* CodeShoppingDetail */,
			);
			path = ViewController;
			sourceTree = "<group>";
		};
		E1AB86D428B6003900557606 /* CodeShopping */ = {
			isa = PBXGroup;
			children = (
				E10B082128B35B0B005EB045 /* CodeShoppingViewController.swift */,
				E10B082428B35B53005EB045 /* CodeShoppingView.swift */,
			);
			path = CodeShopping;
			sourceTree = "<group>";
		};
/* End PBXGroup section */

/* Begin PBXNativeTarget section */
		E15B030B2884DDC6003F2C85 /* TrendMedia */ = {
			isa = PBXNativeTarget;
			buildConfigurationList = E15B03202884DDCB003F2C85 /* Build configuration list for PBXNativeTarget "TrendMedia" */;
			buildPhases = (
				E15B03082884DDC6003F2C85 /* Sources */,
				E15B03092884DDC6003F2C85 /* Frameworks */,
				E15B030A2884DDC6003F2C85 /* Resources */,
			);
			buildRules = (
			);
			dependencies = (
			);
			name = TrendMedia;
			packageProductDependencies = (
				E1AB86D628B6012E00557606 /* SwiftyJSON */,
				E1AB86D928B6014A00557606 /* SnapKit */,
				E1AB86DC28B601D300557606 /* Kingfisher */,
				E1AB86DF28B601E500557606 /* Toast */,
				E1AB86E228B6026000557606 /* Realm */,
				E1AB86E428B6026000557606 /* RealmSwift */,
			);
			productName = TrendMedia;
			productReference = E15B030C2884DDC6003F2C85 /* TrendMedia.app */;
			productType = "com.apple.product-type.application";
		};
/* End PBXNativeTarget section */

/* Begin PBXProject section */
		E15B03042884DDC6003F2C85 /* Project object */ = {
			isa = PBXProject;
			attributes = {
				BuildIndependentTargetsInParallel = 1;
				LastSwiftUpdateCheck = 1340;
				LastUpgradeCheck = 1340;
				TargetAttributes = {
					E15B030B2884DDC6003F2C85 = {
						CreatedOnToolsVersion = 13.4.1;
					};
				};
			};
			buildConfigurationList = E15B03072884DDC6003F2C85 /* Build configuration list for PBXProject "TrendMedia" */;
			compatibilityVersion = "Xcode 13.0";
			developmentRegion = en;
			hasScannedForEncodings = 0;
			knownRegions = (
				en,
				Base,
			);
			mainGroup = E15B03032884DDC6003F2C85;
			packageReferences = (
				E1AB86D528B6012E00557606 /* XCRemoteSwiftPackageReference "SwiftyJSON" */,
				E1AB86D828B6014A00557606 /* XCRemoteSwiftPackageReference "SnapKit" */,
				E1AB86DB28B601D300557606 /* XCRemoteSwiftPackageReference "Kingfisher" */,
				E1AB86DE28B601E500557606 /* XCRemoteSwiftPackageReference "Toast-Swift" */,
				E1AB86E128B6026000557606 /* XCRemoteSwiftPackageReference "realm-swift" */,
			);
			productRefGroup = E15B030D2884DDC6003F2C85 /* Products */;
			projectDirPath = "";
			projectRoot = "";
			targets = (
				E15B030B2884DDC6003F2C85 /* TrendMedia */,
			);
		};
/* End PBXProject section */

/* Begin PBXResourcesBuildPhase section */
		E15B030A2884DDC6003F2C85 /* Resources */ = {
			isa = PBXResourcesBuildPhase;
			buildActionMask = 2147483647;
			files = (
				E15B031C2884DDCA003F2C85 /* LaunchScreen.storyboard in Resources */,
				E15B03192884DDCA003F2C85 /* Assets.xcassets in Resources */,
				E1B8087E288527F4006651D1 /* Setting.storyboard in Resources */,
				E1A34B05288640750050FFA5 /* Intro.storyboard in Resources */,
				E15B03172884DDC6003F2C85 /* Main.storyboard in Resources */,
				E1A34B00288640200050FFA5 /* Search.storyboard in Resources */,
				E14D5B582886ECBF00B70347 /* Shopping.storyboard in Resources */,
				E15B03242884F114003F2C85 /* Home.storyboard in Resources */,
				E1A34B02288640430050FFA5 /* trend.storyboard in Resources */,
				E174E40A288783F900B11EC2 /* TrendMedia.storyboard in Resources */,
			);
			runOnlyForDeploymentPostprocessing = 0;
		};
/* End PBXResourcesBuildPhase section */

/* Begin PBXSourcesBuildPhase section */
		E15B03082884DDC6003F2C85 /* Sources */ = {
			isa = PBXSourcesBuildPhase;
			buildActionMask = 2147483647;
			files = (
				E10B083628B3A3F0005EB045 /* CodeShoppingTableViewCell.swift in Sources */,
				E174E4142887953900B11EC2 /* MovieInfo.swift in Sources */,
				E174E41628879AA000B11EC2 /* RecommendCollectionViewController.swift in Sources */,
				E184CF7A2888E77600863688 /* TrendTableViewController.swift in Sources */,
				E184CF7C2888E78300863688 /* TrendTableViewCell.swift in Sources */,
				E10B083428B3687A005EB045 /* RealmModel.swift in Sources */,
				E1A34B0D2886451A0050FFA5 /* UIViewController+Extension.swift in Sources */,
				E174E41028878CA900B11EC2 /* StructMovie.swift in Sources */,
				E14D5B5C2886FA5E00B70347 /* ShoppingTableViewCell.swift in Sources */,
				E10B082528B35B53005EB045 /* CodeShoppingView.swift in Sources */,
				E1AB86D128B5FA6A00557606 /* CodeShoppingDetailView.swift in Sources */,
				E1566C832887C3430017D77B /* DesignExtension.swift in Sources */,
				E174E40E2887877400B11EC2 /* TrendMediaTableViewCell.swift in Sources */,
				E14D5B5A2886F15300B70347 /* ShoppingTableViewController.swift in Sources */,
				E15B03262884FE35003F2C85 /* HomeTableViewController.swift in Sources */,
				E14914C728B49A3E00CAC78A /* identifier.swift in Sources */,
				E10B083128B3622C005EB045 /* CodeShoppingButton.swift in Sources */,
				E1A34B0B2886441E0050FFA5 /* SearchViewController.swift in Sources */,
				E15B03142884DDC6003F2C85 /* ViewController.swift in Sources */,
				E174E40C2887872800B11EC2 /* TrendMediaTableViewController.swift in Sources */,
				E15B03102884DDC6003F2C85 /* AppDelegate.swift in Sources */,
				E15B03122884DDC6003F2C85 /* SceneDelegate.swift in Sources */,
				E10B082728B35C46005EB045 /* CodeShppingTextField.swift in Sources */,
				E174E41828879DEC00B11EC2 /* RecommendCollectionViewCell.swift in Sources */,
				E10B082228B35B0B005EB045 /* CodeShoppingViewController.swift in Sources */,
				E1A34B09288644140050FFA5 /* TrendViewController.swift in Sources */,
				E1A34B1128864B8E0050FFA5 /* BucketlistTableViewController.swift in Sources */,
				E1A34B0F2886478C0050FFA5 /* UITextField+Extension.swift in Sources */,
				E1B808802885393C006651D1 /* SettingTableViewController.swift in Sources */,
				E1AB86CF28B5FA3000557606 /* CodeShoppingDetailViewController.swift in Sources */,
				E1A34B1328864D910050FFA5 /* BucketlistTableViewCell.swift in Sources */,
			);
			runOnlyForDeploymentPostprocessing = 0;
		};
/* End PBXSourcesBuildPhase section */

/* Begin PBXVariantGroup section */
		E15B03152884DDC6003F2C85 /* Main.storyboard */ = {
			isa = PBXVariantGroup;
			children = (
				E15B03162884DDC6003F2C85 /* Base */,
			);
			name = Main.storyboard;
			sourceTree = "<group>";
		};
		E15B031A2884DDCA003F2C85 /* LaunchScreen.storyboard */ = {
			isa = PBXVariantGroup;
			children = (
				E15B031B2884DDCA003F2C85 /* Base */,
			);
			name = LaunchScreen.storyboard;
			sourceTree = "<group>";
		};
/* End PBXVariantGroup section */

/* Begin XCBuildConfiguration section */
		E15B031E2884DDCA003F2C85 /* Debug */ = {
			isa = XCBuildConfiguration;
			buildSettings = {
				ALWAYS_SEARCH_USER_PATHS = NO;
				CLANG_ANALYZER_NONNULL = YES;
				CLANG_ANALYZER_NUMBER_OBJECT_CONVERSION = YES_AGGRESSIVE;
				CLANG_CXX_LANGUAGE_STANDARD = "gnu++17";
				CLANG_ENABLE_MODULES = YES;
				CLANG_ENABLE_OBJC_ARC = YES;
				CLANG_ENABLE_OBJC_WEAK = YES;
				CLANG_WARN_BLOCK_CAPTURE_AUTORELEASING = YES;
				CLANG_WARN_BOOL_CONVERSION = YES;
				CLANG_WARN_COMMA = YES;
				CLANG_WARN_CONSTANT_CONVERSION = YES;
				CLANG_WARN_DEPRECATED_OBJC_IMPLEMENTATIONS = YES;
				CLANG_WARN_DIRECT_OBJC_ISA_USAGE = YES_ERROR;
				CLANG_WARN_DOCUMENTATION_COMMENTS = YES;
				CLANG_WARN_EMPTY_BODY = YES;
				CLANG_WARN_ENUM_CONVERSION = YES;
				CLANG_WARN_INFINITE_RECURSION = YES;
				CLANG_WARN_INT_CONVERSION = YES;
				CLANG_WARN_NON_LITERAL_NULL_CONVERSION = YES;
				CLANG_WARN_OBJC_IMPLICIT_RETAIN_SELF = YES;
				CLANG_WARN_OBJC_LITERAL_CONVERSION = YES;
				CLANG_WARN_OBJC_ROOT_CLASS = YES_ERROR;
				CLANG_WARN_QUOTED_INCLUDE_IN_FRAMEWORK_HEADER = YES;
				CLANG_WARN_RANGE_LOOP_ANALYSIS = YES;
				CLANG_WARN_STRICT_PROTOTYPES = YES;
				CLANG_WARN_SUSPICIOUS_MOVE = YES;
				CLANG_WARN_UNGUARDED_AVAILABILITY = YES_AGGRESSIVE;
				CLANG_WARN_UNREACHABLE_CODE = YES;
				CLANG_WARN__DUPLICATE_METHOD_MATCH = YES;
				COPY_PHASE_STRIP = NO;
				DEBUG_INFORMATION_FORMAT = dwarf;
				ENABLE_STRICT_OBJC_MSGSEND = YES;
				ENABLE_TESTABILITY = YES;
				GCC_C_LANGUAGE_STANDARD = gnu11;
				GCC_DYNAMIC_NO_PIC = NO;
				GCC_NO_COMMON_BLOCKS = YES;
				GCC_OPTIMIZATION_LEVEL = 0;
				GCC_PREPROCESSOR_DEFINITIONS = (
					"DEBUG=1",
					"$(inherited)",
				);
				GCC_WARN_64_TO_32_BIT_CONVERSION = YES;
				GCC_WARN_ABOUT_RETURN_TYPE = YES_ERROR;
				GCC_WARN_UNDECLARED_SELECTOR = YES;
				GCC_WARN_UNINITIALIZED_AUTOS = YES_AGGRESSIVE;
				GCC_WARN_UNUSED_FUNCTION = YES;
				GCC_WARN_UNUSED_VARIABLE = YES;
				IPHONEOS_DEPLOYMENT_TARGET = 15.5;
				MTL_ENABLE_DEBUG_INFO = INCLUDE_SOURCE;
				MTL_FAST_MATH = YES;
				ONLY_ACTIVE_ARCH = YES;
				SDKROOT = iphoneos;
				SWIFT_ACTIVE_COMPILATION_CONDITIONS = DEBUG;
				SWIFT_OPTIMIZATION_LEVEL = "-Onone";
			};
			name = Debug;
		};
		E15B031F2884DDCA003F2C85 /* Release */ = {
			isa = XCBuildConfiguration;
			buildSettings = {
				ALWAYS_SEARCH_USER_PATHS = NO;
				CLANG_ANALYZER_NONNULL = YES;
				CLANG_ANALYZER_NUMBER_OBJECT_CONVERSION = YES_AGGRESSIVE;
				CLANG_CXX_LANGUAGE_STANDARD = "gnu++17";
				CLANG_ENABLE_MODULES = YES;
				CLANG_ENABLE_OBJC_ARC = YES;
				CLANG_ENABLE_OBJC_WEAK = YES;
				CLANG_WARN_BLOCK_CAPTURE_AUTORELEASING = YES;
				CLANG_WARN_BOOL_CONVERSION = YES;
				CLANG_WARN_COMMA = YES;
				CLANG_WARN_CONSTANT_CONVERSION = YES;
				CLANG_WARN_DEPRECATED_OBJC_IMPLEMENTATIONS = YES;
				CLANG_WARN_DIRECT_OBJC_ISA_USAGE = YES_ERROR;
				CLANG_WARN_DOCUMENTATION_COMMENTS = YES;
				CLANG_WARN_EMPTY_BODY = YES;
				CLANG_WARN_ENUM_CONVERSION = YES;
				CLANG_WARN_INFINITE_RECURSION = YES;
				CLANG_WARN_INT_CONVERSION = YES;
				CLANG_WARN_NON_LITERAL_NULL_CONVERSION = YES;
				CLANG_WARN_OBJC_IMPLICIT_RETAIN_SELF = YES;
				CLANG_WARN_OBJC_LITERAL_CONVERSION = YES;
				CLANG_WARN_OBJC_ROOT_CLASS = YES_ERROR;
				CLANG_WARN_QUOTED_INCLUDE_IN_FRAMEWORK_HEADER = YES;
				CLANG_WARN_RANGE_LOOP_ANALYSIS = YES;
				CLANG_WARN_STRICT_PROTOTYPES = YES;
				CLANG_WARN_SUSPICIOUS_MOVE = YES;
				CLANG_WARN_UNGUARDED_AVAILABILITY = YES_AGGRESSIVE;
				CLANG_WARN_UNREACHABLE_CODE = YES;
				CLANG_WARN__DUPLICATE_METHOD_MATCH = YES;
				COPY_PHASE_STRIP = NO;
				DEBUG_INFORMATION_FORMAT = "dwarf-with-dsym";
				ENABLE_NS_ASSERTIONS = NO;
				ENABLE_STRICT_OBJC_MSGSEND = YES;
				GCC_C_LANGUAGE_STANDARD = gnu11;
				GCC_NO_COMMON_BLOCKS = YES;
				GCC_WARN_64_TO_32_BIT_CONVERSION = YES;
				GCC_WARN_ABOUT_RETURN_TYPE = YES_ERROR;
				GCC_WARN_UNDECLARED_SELECTOR = YES;
				GCC_WARN_UNINITIALIZED_AUTOS = YES_AGGRESSIVE;
				GCC_WARN_UNUSED_FUNCTION = YES;
				GCC_WARN_UNUSED_VARIABLE = YES;
				IPHONEOS_DEPLOYMENT_TARGET = 15.5;
				MTL_ENABLE_DEBUG_INFO = NO;
				MTL_FAST_MATH = YES;
				SDKROOT = iphoneos;
				SWIFT_COMPILATION_MODE = wholemodule;
				SWIFT_OPTIMIZATION_LEVEL = "-O";
				VALIDATE_PRODUCT = YES;
			};
			name = Release;
		};
		E15B03212884DDCB003F2C85 /* Debug */ = {
			isa = XCBuildConfiguration;
			buildSettings = {
				ASSETCATALOG_COMPILER_APPICON_NAME = AppIcon;
				ASSETCATALOG_COMPILER_GLOBAL_ACCENT_COLOR_NAME = AccentColor;
				CODE_SIGN_STYLE = Automatic;
				CURRENT_PROJECT_VERSION = 1;
				DEVELOPMENT_TEAM = 5MHUF29PV8;
				GENERATE_INFOPLIST_FILE = YES;
				INFOPLIST_FILE = TrendMedia/Info.plist;
				INFOPLIST_KEY_UIApplicationSupportsIndirectInputEvents = YES;
				INFOPLIST_KEY_UILaunchStoryboardName = LaunchScreen;
				INFOPLIST_KEY_UIMainStoryboardFile = Shopping;
				INFOPLIST_KEY_UISupportedInterfaceOrientations_iPad = "UIInterfaceOrientationPortrait UIInterfaceOrientationPortraitUpsideDown UIInterfaceOrientationLandscapeLeft UIInterfaceOrientationLandscapeRight";
				INFOPLIST_KEY_UISupportedInterfaceOrientations_iPhone = "UIInterfaceOrientationPortrait UIInterfaceOrientationLandscapeLeft UIInterfaceOrientationLandscapeRight";
				IPHONEOS_DEPLOYMENT_TARGET = 13.0;
				LD_RUNPATH_SEARCH_PATHS = (
					"$(inherited)",
					"@executable_path/Frameworks",
				);
				MARKETING_VERSION = 1.0;
				PRODUCT_BUNDLE_IDENTIFIER = com.sesac.TrendMedia;
				PRODUCT_NAME = "$(TARGET_NAME)";
				SWIFT_EMIT_LOC_STRINGS = YES;
				SWIFT_VERSION = 5.0;
				TARGETED_DEVICE_FAMILY = 1;
			};
			name = Debug;
		};
		E15B03222884DDCB003F2C85 /* Release */ = {
			isa = XCBuildConfiguration;
			buildSettings = {
				ASSETCATALOG_COMPILER_APPICON_NAME = AppIcon;
				ASSETCATALOG_COMPILER_GLOBAL_ACCENT_COLOR_NAME = AccentColor;
				CODE_SIGN_STYLE = Automatic;
				CURRENT_PROJECT_VERSION = 1;
				DEVELOPMENT_TEAM = 5MHUF29PV8;
				GENERATE_INFOPLIST_FILE = YES;
				INFOPLIST_FILE = TrendMedia/Info.plist;
				INFOPLIST_KEY_UIApplicationSupportsIndirectInputEvents = YES;
				INFOPLIST_KEY_UILaunchStoryboardName = LaunchScreen;
				INFOPLIST_KEY_UIMainStoryboardFile = Shopping;
				INFOPLIST_KEY_UISupportedInterfaceOrientations_iPad = "UIInterfaceOrientationPortrait UIInterfaceOrientationPortraitUpsideDown UIInterfaceOrientationLandscapeLeft UIInterfaceOrientationLandscapeRight";
				INFOPLIST_KEY_UISupportedInterfaceOrientations_iPhone = "UIInterfaceOrientationPortrait UIInterfaceOrientationLandscapeLeft UIInterfaceOrientationLandscapeRight";
				IPHONEOS_DEPLOYMENT_TARGET = 13.0;
				LD_RUNPATH_SEARCH_PATHS = (
					"$(inherited)",
					"@executable_path/Frameworks",
				);
				MARKETING_VERSION = 1.0;
				PRODUCT_BUNDLE_IDENTIFIER = com.sesac.TrendMedia;
				PRODUCT_NAME = "$(TARGET_NAME)";
				SWIFT_EMIT_LOC_STRINGS = YES;
				SWIFT_VERSION = 5.0;
				TARGETED_DEVICE_FAMILY = 1;
			};
			name = Release;
		};
/* End XCBuildConfiguration section */

/* Begin XCConfigurationList section */
		E15B03072884DDC6003F2C85 /* Build configuration list for PBXProject "TrendMedia" */ = {
			isa = XCConfigurationList;
			buildConfigurations = (
				E15B031E2884DDCA003F2C85 /* Debug */,
				E15B031F2884DDCA003F2C85 /* Release */,
			);
			defaultConfigurationIsVisible = 0;
			defaultConfigurationName = Release;
		};
		E15B03202884DDCB003F2C85 /* Build configuration list for PBXNativeTarget "TrendMedia" */ = {
			isa = XCConfigurationList;
			buildConfigurations = (
				E15B03212884DDCB003F2C85 /* Debug */,
				E15B03222884DDCB003F2C85 /* Release */,
			);
			defaultConfigurationIsVisible = 0;
			defaultConfigurationName = Release;
		};
/* End XCConfigurationList section */

/* Begin XCRemoteSwiftPackageReference section */
		E1AB86D528B6012E00557606 /* XCRemoteSwiftPackageReference "SwiftyJSON" */ = {
			isa = XCRemoteSwiftPackageReference;
			repositoryURL = "https://github.com/SwiftyJSON/SwiftyJSON.git";
			requirement = {
				kind = upToNextMajorVersion;
				minimumVersion = 5.0.0;
			};
		};
		E1AB86D828B6014A00557606 /* XCRemoteSwiftPackageReference "SnapKit" */ = {
			isa = XCRemoteSwiftPackageReference;
			repositoryURL = "https://github.com/SnapKit/SnapKit.git";
			requirement = {
				kind = upToNextMajorVersion;
				minimumVersion = 5.0.0;
			};
		};
		E1AB86DB28B601D300557606 /* XCRemoteSwiftPackageReference "Kingfisher" */ = {
			isa = XCRemoteSwiftPackageReference;
			repositoryURL = "https://github.com/onevcat/Kingfisher.git";
			requirement = {
				kind = upToNextMajorVersion;
				minimumVersion = 7.0.0;
			};
		};
		E1AB86DE28B601E500557606 /* XCRemoteSwiftPackageReference "Toast-Swift" */ = {
			isa = XCRemoteSwiftPackageReference;
			repositoryURL = "https://github.com/scalessec/Toast-Swift.git";
			requirement = {
				kind = upToNextMajorVersion;
				minimumVersion = 5.0.0;
			};
		};
		E1AB86E128B6026000557606 /* XCRemoteSwiftPackageReference "realm-swift" */ = {
			isa = XCRemoteSwiftPackageReference;
			repositoryURL = "https://github.com/realm/realm-swift.git";
			requirement = {
				kind = upToNextMajorVersion;
				minimumVersion = 10.0.0;
			};
		};
/* End XCRemoteSwiftPackageReference section */

/* Begin XCSwiftPackageProductDependency section */
		E1AB86D628B6012E00557606 /* SwiftyJSON */ = {
			isa = XCSwiftPackageProductDependency;
			package = E1AB86D528B6012E00557606 /* XCRemoteSwiftPackageReference "SwiftyJSON" */;
			productName = SwiftyJSON;
		};
		E1AB86D928B6014A00557606 /* SnapKit */ = {
			isa = XCSwiftPackageProductDependency;
			package = E1AB86D828B6014A00557606 /* XCRemoteSwiftPackageReference "SnapKit" */;
			productName = SnapKit;
		};
		E1AB86DC28B601D300557606 /* Kingfisher */ = {
			isa = XCSwiftPackageProductDependency;
			package = E1AB86DB28B601D300557606 /* XCRemoteSwiftPackageReference "Kingfisher" */;
			productName = Kingfisher;
		};
		E1AB86DF28B601E500557606 /* Toast */ = {
			isa = XCSwiftPackageProductDependency;
			package = E1AB86DE28B601E500557606 /* XCRemoteSwiftPackageReference "Toast-Swift" */;
			productName = Toast;
		};
		E1AB86E228B6026000557606 /* Realm */ = {
			isa = XCSwiftPackageProductDependency;
			package = E1AB86E128B6026000557606 /* XCRemoteSwiftPackageReference "realm-swift" */;
			productName = Realm;
		};
		E1AB86E428B6026000557606 /* RealmSwift */ = {
			isa = XCSwiftPackageProductDependency;
			package = E1AB86E128B6026000557606 /* XCRemoteSwiftPackageReference "realm-swift" */;
			productName = RealmSwift;
		};
/* End XCSwiftPackageProductDependency section */
	};
	rootObject = E15B03042884DDC6003F2C85 /* Project object */;
}
